
Microsoft Visual Studio Solution File, Format Version 12.00
# Visual Studio Version 16
VisualStudioVersion = 16.0.29001.49
MinimumVisualStudioVersion = 10.0.40219.1
Project("{FAE04EC0-301F-11D3-BF4B-00C04F79EFBC}") = "WebApi", "WebApi\WebApi.csproj", "{28AC8136-CE07-422C-BC80-B6F346B7B246}"
EndProject
Project("{FAE04EC0-301F-11D3-BF4B-00C04F79EFBC}") = "WebApiClient", "WebApiClient\WebApiClient.csproj", "{53B93E18-E825-4909-8549-7D2A51456D05}"
EndProject
Project("{FAE04EC0-301F-11D3-BF4B-00C04F79EFBC}") = "UnitTest", "UnitTest\UnitTest.csproj", "{CC90377D-5233-4137-BC4D-AA941C7C8975}"
EndProject
Project("{FAE04EC0-301F-11D3-BF4B-00C04F79EFBC}") = "Data", "Data\Data.csproj", "{D252E7E0-44F8-4CF6-87BD-F6533E64A4CC}"
EndProject
Global
	GlobalSection(SolutionConfigurationPlatforms) = preSolution
		Debug|Any CPU = Debug|Any CPU
		Release|Any CPU = Release|Any CPU
	EndGlobalSection
	GlobalSection(ProjectConfigurationPlatforms) = postSolution
		{28AC8136-CE07-422C-BC80-B6F346B7B246}.Debug|Any CPU.ActiveCfg = Debug|Any CPU
		{28AC8136-CE07-422C-BC80-B6F346B7B246}.Debug|Any CPU.Build.0 = Debug|Any CPU
		{28AC8136-CE07-422C-BC80-B6F346B7B246}.Release|Any CPU.ActiveCfg = Release|Any CPU
		{28AC8136-CE07-422C-BC80-B6F346B7B246}.Release|Any CPU.Build.0 = Release|Any CPU
		{53B93E18-E825-4909-8549-7D2A51456D05}.Debug|Any CPU.ActiveCfg = Debug|Any CPU
		{53B93E18-E825-4909-8549-7D2A51456D05}.Debug|Any CPU.Build.0 = Debug|Any CPU
		{53B93E18-E825-4909-8549-7D2A51456D05}.Release|Any CPU.ActiveCfg = Release|Any CPU
		{53B93E18-E825-4909-8549-7D2A51456D05}.Release|Any CPU.Build.0 = Release|Any CPU
		{CC90377D-5233-4137-BC4D-AA941C7C8975}.Debug|Any CPU.ActiveCfg = Debug|Any CPU
		{CC90377D-5233-4137-BC4D-AA941C7C8975}.Debug|Any CPU.Build.0 = Debug|Any CPU
		{CC90377D-5233-4137-BC4D-AA941C7C8975}.Release|Any CPU.ActiveCfg = Release|Any CPU
		{CC90377D-5233-4137-BC4D-AA941C7C8975}.Release|Any CPU.Build.0 = Release|Any CPU
		{D252E7E0-44F8-4CF6-87BD-F6533E64A4CC}.Debug|Any CPU.ActiveCfg = Debug|Any CPU
		{D252E7E0-44F8-4CF6-87BD-F6533E64A4CC}.Debug|Any CPU.Build.0 = Debug|Any CPU
		{D252E7E0-44F8-4CF6-87BD-F6533E64A4CC}.Release|Any CPU.ActiveCfg = Release|Any CPU
		{D252E7E0-44F8-4CF6-87BD-F6533E64A4CC}.Release|Any CPU.Build.0 = Release|Any CPU
	EndGlobalSection
	GlobalSection(SolutionProperties) = preSolution
		HideSolutionNode = FALSE
	EndGlobalSection
	GlobalSection(ExtensibilityGlobals) = postSolution
		SolutionGuid = {8C5E8795-BD87-4EBB-894B-ED78F393BDE8}
	EndGlobalSection
EndGlobal
